
Microsoft Visual Studio Solution File, Format Version 12.00
# Visual Studio Version 16
VisualStudioVersion = 16.0.30128.74
MinimumVisualStudioVersion = 10.0.40219.1
Project("{8BC9CEB8-8B4A-11D0-8D11-00A0C91BC942}") = "WinAPI", "WinAPI\WinAPI.vcxproj", "{E71D54DE-606C-45E3-B6C2-ECDB5E84BD02}"
EndProject
Project("{8BC9CEB8-8B4A-11D0-8D11-00A0C91BC942}") = "DialogBox", "DialogBox\DialogBox.vcxproj", "{1FE7BA59-09C2-482A-BCD7-25FAF07C162A}"
EndProject
Project("{8BC9CEB8-8B4A-11D0-8D11-00A0C91BC942}") = "Text_Win_Api", "Text_Win_Api\Text_Win_Api.vcxproj", "{F954FA2F-13B9-4374-AA75-26800AE2FA5A}"
EndProject
Project("{8BC9CEB8-8B4A-11D0-8D11-00A0C91BC942}") = "Home work", "Home work\Home work.vcxproj", "{588E94FD-19BD-44BD-9EF7-1A71B24CBF4F}"
EndProject
Project("{8BC9CEB8-8B4A-11D0-8D11-00A0C91BC942}") = "Combo_box", "Combo_box\Combo_box.vcxproj", "{03E1C664-A188-4280-8588-D6851646CEAD}"
EndProject
Project("{8BC9CEB8-8B4A-11D0-8D11-00A0C91BC942}") = "List_box", "List_box\List_box.vcxproj", "{612F0F72-9177-4030-8404-3CFB0F28359A}"
EndProject
Project("{8BC9CEB8-8B4A-11D0-8D11-00A0C91BC942}") = "Simple_Window", "Simple_Window\Simple_Window.vcxproj", "{AD4A288E-9B5E-4F6A-BE8C-0F5BC69420B7}"
EndProject
Project("{8BC9CEB8-8B4A-11D0-8D11-00A0C91BC942}") = "TextWindow", "TextWindow\TextWindow.vcxproj", "{9F2EF66F-DAEA-4F8E-83AC-76EA3E7DE681}"
EndProject
Project("{8BC9CEB8-8B4A-11D0-8D11-00A0C91BC942}") = "ColorText", "ColorText\ColorText.vcxproj", "{AD19D8FD-02F4-4BC1-A997-BC7E7283D80D}"
EndProject
Global
	GlobalSection(SolutionConfigurationPlatforms) = preSolution
		Debug|Any CPU = Debug|Any CPU
		Debug|x64 = Debug|x64
		Debug|x86 = Debug|x86
		Release|Any CPU = Release|Any CPU
		Release|x64 = Release|x64
		Release|x86 = Release|x86
	EndGlobalSection
	GlobalSection(ProjectConfigurationPlatforms) = postSolution
		{E71D54DE-606C-45E3-B6C2-ECDB5E84BD02}.Debug|Any CPU.ActiveCfg = Debug|Win32
		{E71D54DE-606C-45E3-B6C2-ECDB5E84BD02}.Debug|x64.ActiveCfg = Debug|x64
		{E71D54DE-606C-45E3-B6C2-ECDB5E84BD02}.Debug|x64.Build.0 = Debug|x64
		{E71D54DE-606C-45E3-B6C2-ECDB5E84BD02}.Debug|x86.ActiveCfg = Debug|Win32
		{E71D54DE-606C-45E3-B6C2-ECDB5E84BD02}.Debug|x86.Build.0 = Debug|Win32
		{E71D54DE-606C-45E3-B6C2-ECDB5E84BD02}.Release|Any CPU.ActiveCfg = Release|Win32
		{E71D54DE-606C-45E3-B6C2-ECDB5E84BD02}.Release|x64.ActiveCfg = Release|x64
		{E71D54DE-606C-45E3-B6C2-ECDB5E84BD02}.Release|x64.Build.0 = Release|x64
		{E71D54DE-606C-45E3-B6C2-ECDB5E84BD02}.Release|x86.ActiveCfg = Release|Win32
		{E71D54DE-606C-45E3-B6C2-ECDB5E84BD02}.Release|x86.Build.0 = Release|Win32
		{1FE7BA59-09C2-482A-BCD7-25FAF07C162A}.Debug|Any CPU.ActiveCfg = Debug|Win32
		{1FE7BA59-09C2-482A-BCD7-25FAF07C162A}.Debug|x64.ActiveCfg = Debug|x64
		{1FE7BA59-09C2-482A-BCD7-25FAF07C162A}.Debug|x64.Build.0 = Debug|x64
		{1FE7BA59-09C2-482A-BCD7-25FAF07C162A}.Debug|x86.ActiveCfg = Debug|Win32
		{1FE7BA59-09C2-482A-BCD7-25FAF07C162A}.Debug|x86.Build.0 = Debug|Win32
		{1FE7BA59-09C2-482A-BCD7-25FAF07C162A}.Release|Any CPU.ActiveCfg = Release|Win32
		{1FE7BA59-09C2-482A-BCD7-25FAF07C162A}.Release|x64.ActiveCfg = Release|x64
		{1FE7BA59-09C2-482A-BCD7-25FAF07C162A}.Release|x64.Build.0 = Release|x64
		{1FE7BA59-09C2-482A-BCD7-25FAF07C162A}.Release|x86.ActiveCfg = Release|Win32
		{1FE7BA59-09C2-482A-BCD7-25FAF07C162A}.Release|x86.Build.0 = Release|Win32
		{F954FA2F-13B9-4374-AA75-26800AE2FA5A}.Debug|Any CPU.ActiveCfg = Debug|Win32
		{F954FA2F-13B9-4374-AA75-26800AE2FA5A}.Debug|x64.ActiveCfg = Debug|x64
		{F954FA2F-13B9-4374-AA75-26800AE2FA5A}.Debug|x64.Build.0 = Debug|x64
		{F954FA2F-13B9-4374-AA75-26800AE2FA5A}.Debug|x86.ActiveCfg = Debug|Win32
		{F954FA2F-13B9-4374-AA75-26800AE2FA5A}.Debug|x86.Build.0 = Debug|Win32
		{F954FA2F-13B9-4374-AA75-26800AE2FA5A}.Release|Any CPU.ActiveCfg = Release|Win32
		{F954FA2F-13B9-4374-AA75-26800AE2FA5A}.Release|x64.ActiveCfg = Release|x64
		{F954FA2F-13B9-4374-AA75-26800AE2FA5A}.Release|x64.Build.0 = Release|x64
		{F954FA2F-13B9-4374-AA75-26800AE2FA5A}.Release|x86.ActiveCfg = Release|Win32
		{F954FA2F-13B9-4374-AA75-26800AE2FA5A}.Release|x86.Build.0 = Release|Win32
		{588E94FD-19BD-44BD-9EF7-1A71B24CBF4F}.Debug|Any CPU.ActiveCfg = Debug|Win32
		{588E94FD-19BD-44BD-9EF7-1A71B24CBF4F}.Debug|x64.ActiveCfg = Debug|x64
		{588E94FD-19BD-44BD-9EF7-1A71B24CBF4F}.Debug|x64.Build.0 = Debug|x64
		{588E94FD-19BD-44BD-9EF7-1A71B24CBF4F}.Debug|x86.ActiveCfg = Debug|Win32
		{588E94FD-19BD-44BD-9EF7-1A71B24CBF4F}.Debug|x86.Build.0 = Debug|Win32
		{588E94FD-19BD-44BD-9EF7-1A71B24CBF4F}.Release|Any CPU.ActiveCfg = Release|Win32
		{588E94FD-19BD-44BD-9EF7-1A71B24CBF4F}.Release|x64.ActiveCfg = Release|x64
		{588E94FD-19BD-44BD-9EF7-1A71B24CBF4F}.Release|x64.Build.0 = Release|x64
		{588E94FD-19BD-44BD-9EF7-1A71B24CBF4F}.Release|x86.ActiveCfg = Release|Win32
		{588E94FD-19BD-44BD-9EF7-1A71B24CBF4F}.Release|x86.Build.0 = Release|Win32
		{03E1C664-A188-4280-8588-D6851646CEAD}.Debug|Any CPU.ActiveCfg = Debug|Win32
		{03E1C664-A188-4280-8588-D6851646CEAD}.Debug|x64.ActiveCfg = Debug|x64
		{03E1C664-A188-4280-8588-D6851646CEAD}.Debug|x64.Build.0 = Debug|x64
		{03E1C664-A188-4280-8588-D6851646CEAD}.Debug|x86.ActiveCfg = Debug|Win32
		{03E1C664-A188-4280-8588-D6851646CEAD}.Debug|x86.Build.0 = Debug|Win32
		{03E1C664-A188-4280-8588-D6851646CEAD}.Release|Any CPU.ActiveCfg = Release|Win32
		{03E1C664-A188-4280-8588-D6851646CEAD}.Release|x64.ActiveCfg = Release|x64
		{03E1C664-A188-4280-8588-D6851646CEAD}.Release|x64.Build.0 = Release|x64
		{03E1C664-A188-4280-8588-D6851646CEAD}.Release|x86.ActiveCfg = Release|Win32
		{03E1C664-A188-4280-8588-D6851646CEAD}.Release|x86.Build.0 = Release|Win32
		{612F0F72-9177-4030-8404-3CFB0F28359A}.Debug|Any CPU.ActiveCfg = Debug|Win32
		{612F0F72-9177-4030-8404-3CFB0F28359A}.Debug|x64.ActiveCfg = Debug|x64
		{612F0F72-9177-4030-8404-3CFB0F28359A}.Debug|x64.Build.0 = Debug|x64
		{612F0F72-9177-4030-8404-3CFB0F28359A}.Debug|x86.ActiveCfg = Debug|Win32
		{612F0F72-9177-4030-8404-3CFB0F28359A}.Debug|x86.Build.0 = Debug|Win32
		{612F0F72-9177-4030-8404-3CFB0F28359A}.Release|Any CPU.ActiveCfg = Release|Win32
		{612F0F72-9177-4030-8404-3CFB0F28359A}.Release|x64.ActiveCfg = Release|x64
		{612F0F72-9177-4030-8404-3CFB0F28359A}.Release|x64.Build.0 = Release|x64
		{612F0F72-9177-4030-8404-3CFB0F28359A}.Release|x86.ActiveCfg = Release|Win32
		{612F0F72-9177-4030-8404-3CFB0F28359A}.Release|x86.Build.0 = Release|Win32
		{AD4A288E-9B5E-4F6A-BE8C-0F5BC69420B7}.Debug|Any CPU.ActiveCfg = Debug|Win32
		{AD4A288E-9B5E-4F6A-BE8C-0F5BC69420B7}.Debug|x64.ActiveCfg = Debug|x64
		{AD4A288E-9B5E-4F6A-BE8C-0F5BC69420B7}.Debug|x64.Build.0 = Debug|x64
		{AD4A288E-9B5E-4F6A-BE8C-0F5BC69420B7}.Debug|x86.ActiveCfg = Debug|Win32
		{AD4A288E-9B5E-4F6A-BE8C-0F5BC69420B7}.Debug|x86.Build.0 = Debug|Win32
		{AD4A288E-9B5E-4F6A-BE8C-0F5BC69420B7}.Release|Any CPU.ActiveCfg = Release|Win32
		{AD4A288E-9B5E-4F6A-BE8C-0F5BC69420B7}.Release|x64.ActiveCfg = Release|x64
		{AD4A288E-9B5E-4F6A-BE8C-0F5BC69420B7}.Release|x64.Build.0 = Release|x64
		{AD4A288E-9B5E-4F6A-BE8C-0F5BC69420B7}.Release|x86.ActiveCfg = Release|Win32
		{AD4A288E-9B5E-4F6A-BE8C-0F5BC69420B7}.Release|x86.Build.0 = Release|Win32
		{9F2EF66F-DAEA-4F8E-83AC-76EA3E7DE681}.Debug|Any CPU.ActiveCfg = Debug|Win32
		{9F2EF66F-DAEA-4F8E-83AC-76EA3E7DE681}.Debug|x64.ActiveCfg = Debug|x64
		{9F2EF66F-DAEA-4F8E-83AC-76EA3E7DE681}.Debug|x64.Build.0 = Debug|x64
		{9F2EF66F-DAEA-4F8E-83AC-76EA3E7DE681}.Debug|x86.ActiveCfg = Debug|Win32
		{9F2EF66F-DAEA-4F8E-83AC-76EA3E7DE681}.Debug|x86.Build.0 = Debug|Win32
		{9F2EF66F-DAEA-4F8E-83AC-76EA3E7DE681}.Release|Any CPU.ActiveCfg = Release|Win32
		{9F2EF66F-DAEA-4F8E-83AC-76EA3E7DE681}.Release|x64.ActiveCfg = Release|x64
		{9F2EF66F-DAEA-4F8E-83AC-76EA3E7DE681}.Release|x64.Build.0 = Release|x64
		{9F2EF66F-DAEA-4F8E-83AC-76EA3E7DE681}.Release|x86.ActiveCfg = Release|Win32
		{9F2EF66F-DAEA-4F8E-83AC-76EA3E7DE681}.Release|x86.Build.0 = Release|Win32
		{AD19D8FD-02F4-4BC1-A997-BC7E7283D80D}.Debug|Any CPU.ActiveCfg = Debug|Win32
		{AD19D8FD-02F4-4BC1-A997-BC7E7283D80D}.Debug|x64.ActiveCfg = Debug|x64
		{AD19D8FD-02F4-4BC1-A997-BC7E7283D80D}.Debug|x64.Build.0 = Debug|x64
		{AD19D8FD-02F4-4BC1-A997-BC7E7283D80D}.Debug|x86.ActiveCfg = Debug|Win32
		{AD19D8FD-02F4-4BC1-A997-BC7E7283D80D}.Debug|x86.Build.0 = Debug|Win32
		{AD19D8FD-02F4-4BC1-A997-BC7E7283D80D}.Release|Any CPU.ActiveCfg = Release|Win32
		{AD19D8FD-02F4-4BC1-A997-BC7E7283D80D}.Release|x64.ActiveCfg = Release|x64
		{AD19D8FD-02F4-4BC1-A997-BC7E7283D80D}.Release|x64.Build.0 = Release|x64
		{AD19D8FD-02F4-4BC1-A997-BC7E7283D80D}.Release|x86.ActiveCfg = Release|Win32
		{AD19D8FD-02F4-4BC1-A997-BC7E7283D80D}.Release|x86.Build.0 = Release|Win32
	EndGlobalSection
	GlobalSection(SolutionProperties) = preSolution
		HideSolutionNode = FALSE
	EndGlobalSection
	GlobalSection(ExtensibilityGlobals) = postSolution
		SolutionGuid = {3D8A3D0C-3571-4107-A46F-1F16A56B33CB}
	EndGlobalSection
EndGlobal
